
Microsoft Visual Studio Solution File, Format Version 12.00
# Visual Studio 15
VisualStudioVersion = 15.0.27130.2027
MinimumVisualStudioVersion = 10.0.40219.1
Project("{A0786B88-2ADB-4C21-ABE8-AA2D79766269}") = "PHPWebProject1", "..\..\..\..\..\Users\beatr\source\repos\PHPWebProject1\PHPWebProject1\PHPWebProject1.phpproj", "{CF3B1A3C-EF0C-46E8-B593-7ABDFEDD2946}"
EndProject
Global
	GlobalSection(SolutionConfigurationPlatforms) = preSolution
		Debug|Any CPU = Debug|Any CPU
		Release|Any CPU = Release|Any CPU
	EndGlobalSection
	GlobalSection(ProjectConfigurationPlatforms) = postSolution
		{CF3B1A3C-EF0C-46E8-B593-7ABDFEDD2946}.Debug|Any CPU.ActiveCfg = Debug|Any CPU
		{CF3B1A3C-EF0C-46E8-B593-7ABDFEDD2946}.Release|Any CPU.ActiveCfg = Release|Any CPU
	EndGlobalSection
	GlobalSection(SolutionProperties) = preSolution
		HideSolutionNode = FALSE
	EndGlobalSection
	GlobalSection(ExtensibilityGlobals) = postSolution
		SolutionGuid = {36305802-52F5-4EB5-A8B1-57C653966323}
	EndGlobalSection
EndGlobal
